// !$*UTF8*$!
{
	archiveVersion = 1;
	classes = {
	};
	objectVersion = 50;
	objects = {

/* Begin PBXBuildFile section */
		F133A813219CB49E006D7325 /* AppDelegate.m in Sources */ = {isa = PBXBuildFile; fileRef = F133A812219CB49E006D7325 /* AppDelegate.m */; };
		F133A819219CB49E006D7325 /* Main.storyboard in Resources */ = {isa = PBXBuildFile; fileRef = F133A817219CB49E006D7325 /* Main.storyboard */; };
		F133A81B219CB49F006D7325 /* Assets.xcassets in Resources */ = {isa = PBXBuildFile; fileRef = F133A81A219CB49F006D7325 /* Assets.xcassets */; };
		F133A81E219CB49F006D7325 /* LaunchScreen.storyboard in Resources */ = {isa = PBXBuildFile; fileRef = F133A81C219CB49F006D7325 /* LaunchScreen.storyboard */; };
		F133A821219CB49F006D7325 /* main.m in Sources */ = {isa = PBXBuildFile; fileRef = F133A820219CB49F006D7325 /* main.m */; };
		F133A82C219CB5A7006D7325 /* DocumentsTableViewController.m in Sources */ = {isa = PBXBuildFile; fileRef = F133A82B219CB5A7006D7325 /* DocumentsTableViewController.m */; };
		F133A82F219CBA35006D7325 /* DocumentViewController.m in Sources */ = {isa = PBXBuildFile; fileRef = F133A82E219CBA35006D7325 /* DocumentViewController.m */; };
/* End PBXBuildFile section */

/* Begin PBXFileReference section */
		F133A80E219CB49E006D7325 /* Documents.app */ = {isa = PBXFileReference; explicitFileType = wrapper.application; includeInIndex = 0; path = Documents.app; sourceTree = BUILT_PRODUCTS_DIR; };
		F133A811219CB49E006D7325 /* AppDelegate.h */ = {isa = PBXFileReference; lastKnownFileType = sourcecode.c.h; path = AppDelegate.h; sourceTree = "<group>"; };
		F133A812219CB49E006D7325 /* AppDelegate.m */ = {isa = PBXFileReference; lastKnownFileType = sourcecode.c.objc; path = AppDelegate.m; sourceTree = "<group>"; };
		F133A818219CB49E006D7325 /* Base */ = {isa = PBXFileReference; lastKnownFileType = file.storyboard; name = Base; path = Base.lproj/Main.storyboard; sourceTree = "<group>"; };
		F133A81A219CB49F006D7325 /* Assets.xcassets */ = {isa = PBXFileReference; lastKnownFileType = folder.assetcatalog; path = Assets.xcassets; sourceTree = "<group>"; };
		F133A81D219CB49F006D7325 /* Base */ = {isa = PBXFileReference; lastKnownFileType = file.storyboard; name = Base; path = Base.lproj/LaunchScreen.storyboard; sourceTree = "<group>"; };
		F133A81F219CB49F006D7325 /* Info.plist */ = {isa = PBXFileReference; lastKnownFileType = text.plist.xml; path = Info.plist; sourceTree = "<group>"; };
		F133A820219CB49F006D7325 /* main.m */ = {isa = PBXFileReference; lastKnownFileType = sourcecode.c.objc; path = main.m; sourceTree = "<group>"; };
		F133A82A219CB5A7006D7325 /* DocumentsTableViewController.h */ = {isa = PBXFileReference; lastKnownFileType = sourcecode.c.h; path = DocumentsTableViewController.h; sourceTree = "<group>"; };
		F133A82B219CB5A7006D7325 /* DocumentsTableViewController.m */ = {isa = PBXFileReference; lastKnownFileType = sourcecode.c.objc; path = DocumentsTableViewController.m; sourceTree = "<group>"; };
		F133A82D219CBA35006D7325 /* DocumentViewController.h */ = {isa = PBXFileReference; lastKnownFileType = sourcecode.c.h; path = DocumentViewController.h; sourceTree = "<group>"; };
		F133A82E219CBA35006D7325 /* DocumentViewController.m */ = {isa = PBXFileReference; lastKnownFileType = sourcecode.c.objc; path = DocumentViewController.m; sourceTree = "<group>"; };
/* End PBXFileReference section */

/* Begin PBXFrameworksBuildPhase section */
		F133A80B219CB49E006D7325 /* Frameworks */ = {
			isa = PBXFrameworksBuildPhase;
			buildActionMask = 2147483647;
			files = (
			);
			runOnlyForDeploymentPostprocessing = 0;
		};
/* End PBXFrameworksBuildPhase section */

/* Begin PBXGroup section */
		F133A805219CB49E006D7325 = {
			isa = PBXGroup;
			children = (
				F133A810219CB49E006D7325 /* Documents */,
				F133A80F219CB49E006D7325 /* Products */,
			);
			sourceTree = "<group>";
		};
		F133A80F219CB49E006D7325 /* Products */ = {
			isa = PBXGroup;
			children = (
				F133A80E219CB49E006D7325 /* Documents.app */,
			);
			name = Products;
			sourceTree = "<group>";
		};
		F133A810219CB49E006D7325 /* Documents */ = {
			isa = PBXGroup;
			children = (
				F133A820219CB49F006D7325 /* main.m */,
				F133A829219CB582006D7325 /* View Controllers */,
				F133A828219CB4C3006D7325 /* Storyboards */,
				F133A827219CB4AE006D7325 /* Resources */,
			);
			path = Documents;
			sourceTree = "<group>";
		};
		F133A827219CB4AE006D7325 /* Resources */ = {
			isa = PBXGroup;
			children = (
				F133A811219CB49E006D7325 /* AppDelegate.h */,
				F133A812219CB49E006D7325 /* AppDelegate.m */,
				F133A81A219CB49F006D7325 /* Assets.xcassets */,
				F133A81F219CB49F006D7325 /* Info.plist */,
			);
			path = Resources;
			sourceTree = "<group>";
		};
		F133A828219CB4C3006D7325 /* Storyboards */ = {
			isa = PBXGroup;
			children = (
				F133A817219CB49E006D7325 /* Main.storyboard */,
				F133A81C219CB49F006D7325 /* LaunchScreen.storyboard */,
			);
			path = Storyboards;
			sourceTree = "<group>";
		};
		F133A829219CB582006D7325 /* View Controllers */ = {
			isa = PBXGroup;
			children = (
				F133A82A219CB5A7006D7325 /* DocumentsTableViewController.h */,
				F133A82B219CB5A7006D7325 /* DocumentsTableViewController.m */,
				F133A82D219CBA35006D7325 /* DocumentViewController.h */,
				F133A82E219CBA35006D7325 /* DocumentViewController.m */,
			);
			path = "View Controllers";
			sourceTree = "<group>";
		};
/* End PBXGroup section */

/* Begin PBXNativeTarget section */
		F133A80D219CB49E006D7325 /* Documents */ = {
			isa = PBXNativeTarget;
			buildConfigurationList = F133A824219CB49F006D7325 /* Build configuration list for PBXNativeTarget "Documents" */;
			buildPhases = (
				F133A80A219CB49E006D7325 /* Sources */,
				F133A80B219CB49E006D7325 /* Frameworks */,
				F133A80C219CB49E006D7325 /* Resources */,
			);
			buildRules = (
			);
			dependencies = (
			);
			name = Documents;
			productName = Documents;
			productReference = F133A80E219CB49E006D7325 /* Documents.app */;
			productType = "com.apple.product-type.application";
		};
/* End PBXNativeTarget section */

/* Begin PBXProject section */
		F133A806219CB49E006D7325 /* Project object */ = {
			isa = PBXProject;
			attributes = {
				LastUpgradeCheck = 1010;
				ORGANIZATIONNAME = "Scott Bennett";
				TargetAttributes = {
					F133A80D219CB49E006D7325 = {
						CreatedOnToolsVersion = 10.1;
					};
				};
			};
			buildConfigurationList = F133A809219CB49E006D7325 /* Build configuration list for PBXProject "Documents" */;
			compatibilityVersion = "Xcode 9.3";
			developmentRegion = en;
			hasScannedForEncodings = 0;
			knownRegions = (
				en,
				Base,
			);
			mainGroup = F133A805219CB49E006D7325;
			productRefGroup = F133A80F219CB49E006D7325 /* Products */;
			projectDirPath = "";
			projectRoot = "";
			targets = (
				F133A80D219CB49E006D7325 /* Documents */,
			);
		};
/* End PBXProject section */

/* Begin PBXResourcesBuildPhase section */
		F133A80C219CB49E006D7325 /* Resources */ = {
			isa = PBXResourcesBuildPhase;
			buildActionMask = 2147483647;
			files = (
				F133A81E219CB49F006D7325 /* LaunchScreen.storyboard in Resources */,
				F133A81B219CB49F006D7325 /* Assets.xcassets in Resources */,
				F133A819219CB49E006D7325 /* Main.storyboard in Resources */,
			);
			runOnlyForDeploymentPostprocessing = 0;
		};
/* End PBXResourcesBuildPhase section */

/* Begin PBXSourcesBuildPhase section */
		F133A80A219CB49E006D7325 /* Sources */ = {
			isa = PBXSourcesBuildPhase;
			buildActionMask = 2147483647;
			files = (
				F133A82C219CB5A7006D7325 /* DocumentsTableViewController.m in Sources */,
				F133A82F219CBA35006D7325 /* DocumentViewController.m in Sources */,
				F133A821219CB49F006D7325 /* main.m in Sources */,
				F133A813219CB49E006D7325 /* AppDelegate.m in Sources */,
			);
			runOnlyForDeploymentPostprocessing = 0;
		};
/* End PBXSourcesBuildPhase section */

/* Begin PBXVariantGroup section */
		F133A817219CB49E006D7325 /* Main.storyboard */ = {
			isa = PBXVariantGroup;
			children = (
				F133A818219CB49E006D7325 /* Base */,
			);
			name = Main.storyboard;
			sourceTree = "<group>";
		};
		F133A81C219CB49F006D7325 /* LaunchScreen.storyboard */ = {
			isa = PBXVariantGroup;
			children = (
				F133A81D219CB49F006D7325 /* Base */,
			);
			name = LaunchScreen.storyboard;
			sourceTree = "<group>";
		};
/* End PBXVariantGroup section */

/* Begin XCBuildConfiguration section */
		F133A822219CB49F006D7325 /* Debug */ = {
			isa = XCBuildConfiguration;
			buildSettings = {
				ALWAYS_SEARCH_USER_PATHS = NO;
				CLANG_ANALYZER_NONNULL = YES;
				CLANG_ANALYZER_NUMBER_OBJECT_CONVERSION = YES_AGGRESSIVE;
				CLANG_CXX_LANGUAGE_STANDARD = "gnu++14";
				CLANG_CXX_LIBRARY = "libc++";
				CLANG_ENABLE_MODULES = YES;
				CLANG_ENABLE_OBJC_ARC = YES;
				CLANG_ENABLE_OBJC_WEAK = YES;
				CLANG_WARN_BLOCK_CAPTURE_AUTORELEASING = YES;
				CLANG_WARN_BOOL_CONVERSION = YES;
				CLANG_WARN_COMMA = YES;
				CLANG_WARN_CONSTANT_CONVERSION = YES;
				CLANG_WARN_DEPRECATED_OBJC_IMPLEMENTATIONS = YES;
				CLANG_WARN_DIRECT_OBJC_ISA_USAGE = YES_ERROR;
				CLANG_WARN_DOCUMENTATION_COMMENTS = YES;
				CLANG_WARN_EMPTY_BODY = YES;
				CLANG_WARN_ENUM_CONVERSION = YES;
				CLANG_WARN_INFINITE_RECURSION = YES;
				CLANG_WARN_INT_CONVERSION = YES;
				CLANG_WARN_NON_LITERAL_NULL_CONVERSION = YES;
				CLANG_WARN_OBJC_IMPLICIT_RETAIN_SELF = YES;
				CLANG_WARN_OBJC_LITERAL_CONVERSION = YES;
				CLANG_WARN_OBJC_ROOT_CLASS = YES_ERROR;
				CLANG_WARN_RANGE_LOOP_ANALYSIS = YES;
				CLANG_WARN_STRICT_PROTOTYPES = YES;
				CLANG_WARN_SUSPICIOUS_MOVE = YES;
				CLANG_WARN_UNGUARDED_AVAILABILITY = YES_AGGRESSIVE;
				CLANG_WARN_UNREACHABLE_CODE = YES;
				CLANG_WARN__DUPLICATE_METHOD_MATCH = YES;
				CODE_SIGN_IDENTITY = "iPhone Developer";
				COPY_PHASE_STRIP = NO;
				DEBUG_INFORMATION_FORMAT = dwarf;
				ENABLE_STRICT_OBJC_MSGSEND = YES;
				ENABLE_TESTABILITY = YES;
				GCC_C_LANGUAGE_STANDARD = gnu11;
				GCC_DYNAMIC_NO_PIC = NO;
				GCC_NO_COMMON_BLOCKS = YES;
				GCC_OPTIMIZATION_LEVEL = 0;
				GCC_PREPROCESSOR_DEFINITIONS = (
					"DEBUG=1",
					"$(inherited)",
				);
				GCC_WARN_64_TO_32_BIT_CONVERSION = YES;
				GCC_WARN_ABOUT_RETURN_TYPE = YES_ERROR;
				GCC_WARN_UNDECLARED_SELECTOR = YES;
				GCC_WARN_UNINITIALIZED_AUTOS = YES_AGGRESSIVE;
				GCC_WARN_UNUSED_FUNCTION = YES;
				GCC_WARN_UNUSED_VARIABLE = YES;
				IPHONEOS_DEPLOYMENT_TARGET = 12.1;
				MTL_ENABLE_DEBUG_INFO = INCLUDE_SOURCE;
				MTL_FAST_MATH = YES;
				ONLY_ACTIVE_ARCH = YES;
				SDKROOT = iphoneos;
			};
			name = Debug;
		};
		F133A823219CB49F006D7325 /* Release */ = {
			isa = XCBuildConfiguration;
			buildSettings = {
				ALWAYS_SEARCH_USER_PATHS = NO;
				CLANG_ANALYZER_NONNULL = YES;
				CLANG_ANALYZER_NUMBER_OBJECT_CONVERSION = YES_AGGRESSIVE;
				CLANG_CXX_LANGUAGE_STANDARD = "gnu++14";
				CLANG_CXX_LIBRARY = "libc++";
				CLANG_ENABLE_MODULES = YES;
				CLANG_ENABLE_OBJC_ARC = YES;
				CLANG_ENABLE_OBJC_WEAK = YES;
				CLANG_WARN_BLOCK_CAPTURE_AUTORELEASING = YES;
				CLANG_WARN_BOOL_CONVERSION = YES;
				CLANG_WARN_COMMA = YES;
				CLANG_WARN_CONSTANT_CONVERSION = YES;
				CLANG_WARN_DEPRECATED_OBJC_IMPLEMENTATIONS = YES;
				CLANG_WARN_DIRECT_OBJC_ISA_USAGE = YES_ERROR;
				CLANG_WARN_DOCUMENTATION_COMMENTS = YES;
				CLANG_WARN_EMPTY_BODY = YES;
				CLANG_WARN_ENUM_CONVERSION = YES;
				CLANG_WARN_INFINITE_RECURSION = YES;
				CLANG_WARN_INT_CONVERSION = YES;
				CLANG_WARN_NON_LITERAL_NULL_CONVERSION = YES;
				CLANG_WARN_OBJC_IMPLICIT_RETAIN_SELF = YES;
				CLANG_WARN_OBJC_LITERAL_CONVERSION = YES;
				CLANG_WARN_OBJC_ROOT_CLASS = YES_ERROR;
				CLANG_WARN_RANGE_LOOP_ANALYSIS = YES;
				CLANG_WARN_STRICT_PROTOTYPES = YES;
				CLANG_WARN_SUSPICIOUS_MOVE = YES;
				CLANG_WARN_UNGUARDED_AVAILABILITY = YES_AGGRESSIVE;
				CLANG_WARN_UNREACHABLE_CODE = YES;
				CLANG_WARN__DUPLICATE_METHOD_MATCH = YES;
				CODE_SIGN_IDENTITY = "iPhone Developer";
				COPY_PHASE_STRIP = NO;
				DEBUG_INFORMATION_FORMAT = "dwarf-with-dsym";
				ENABLE_NS_ASSERTIONS = NO;
				ENABLE_STRICT_OBJC_MSGSEND = YES;
				GCC_C_LANGUAGE_STANDARD = gnu11;
				GCC_NO_COMMON_BLOCKS = YES;
				GCC_WARN_64_TO_32_BIT_CONVERSION = YES;
				GCC_WARN_ABOUT_RETURN_TYPE = YES_ERROR;
				GCC_WARN_UNDECLARED_SELECTOR = YES;
				GCC_WARN_UNINITIALIZED_AUTOS = YES_AGGRESSIVE;
				GCC_WARN_UNUSED_FUNCTION = YES;
				GCC_WARN_UNUSED_VARIABLE = YES;
				IPHONEOS_DEPLOYMENT_TARGET = 12.1;
				MTL_ENABLE_DEBUG_INFO = NO;
				MTL_FAST_MATH = YES;
				SDKROOT = iphoneos;
				VALIDATE_PRODUCT = YES;
			};
			name = Release;
		};
		F133A825219CB49F006D7325 /* Debug */ = {
			isa = XCBuildConfiguration;
			buildSettings = {
				ASSETCATALOG_COMPILER_APPICON_NAME = AppIcon;
				CODE_SIGN_STYLE = Automatic;
				DEVELOPMENT_TEAM = 5KBWP959TD;
				INFOPLIST_FILE = "$(SRCROOT)/Documents/Resources/Info.plist";
				LD_RUNPATH_SEARCH_PATHS = (
					"$(inherited)",
					"@executable_path/Frameworks",
				);
				PRODUCT_BUNDLE_IDENTIFIER = com.expertservices.Documents;
				PRODUCT_NAME = "$(TARGET_NAME)";
				TARGETED_DEVICE_FAMILY = "1,2";
			};
			name = Debug;
		};
		F133A826219CB49F006D7325 /* Release */ = {
			isa = XCBuildConfiguration;
			buildSettings = {
				ASSETCATALOG_COMPILER_APPICON_NAME = AppIcon;
				CODE_SIGN_STYLE = Automatic;
				DEVELOPMENT_TEAM = 5KBWP959TD;
				INFOPLIST_FILE = "$(SRCROOT)/Documents/Resources/Info.plist";
				LD_RUNPATH_SEARCH_PATHS = (
					"$(inherited)",
					"@executable_path/Frameworks",
				);
				PRODUCT_BUNDLE_IDENTIFIER = com.expertservices.Documents;
				PRODUCT_NAME = "$(TARGET_NAME)";
				TARGETED_DEVICE_FAMILY = "1,2";
			};
			name = Release;
		};
/* End XCBuildConfiguration section */

/* Begin XCConfigurationList section */
		F133A809219CB49E006D7325 /* Build configuration list for PBXProject "Documents" */ = {
			isa = XCConfigurationList;
			buildConfigurations = (
				F133A822219CB49F006D7325 /* Debug */,
				F133A823219CB49F006D7325 /* Release */,
			);
			defaultConfigurationIsVisible = 0;
			defaultConfigurationName = Release;
		};
		F133A824219CB49F006D7325 /* Build configuration list for PBXNativeTarget "Documents" */ = {
			isa = XCConfigurationList;
			buildConfigurations = (
				F133A825219CB49F006D7325 /* Debug */,
				F133A826219CB49F006D7325 /* Release */,
			);
			defaultConfigurationIsVisible = 0;
			defaultConfigurationName = Release;
		};
/* End XCConfigurationList section */
	};
	rootObject = F133A806219CB49E006D7325 /* Project object */;
}
